
Microsoft Visual Studio Solution File, Format Version 12.00
# Visual Studio Version 17
VisualStudioVersion = 17.13.35507.96
MinimumVisualStudioVersion = 10.0.40219.1
Project("{2150E333-8FDC-42A3-9474-1A3956D46DE8}") = "src", "src", "{02EA681E-C7D8-13C7-8484-4AC65E1B71E8}"
EndProject
Project("{2150E333-8FDC-42A3-9474-1A3956D46DE8}") = "tests", "tests", "{02EA681E-C7D8-13C7-8484-4AC65E1B71E8}"
EndProject
Project("{FAE04EC0-301F-11D3-BF4B-00C04F79EFBC}") = "ExpensesManager.PublicApi", "ExpensesManager.PublicApi\ExpensesManager.PublicApi.csproj", "{F39D47AC-6F0B-4E63-95DE-C8A839C5B07F}"
EndProject
Project("{FAE04EC0-301F-11D3-BF4B-00C04F79EFBC}") = "ExpensesManager.Application", "ExpensesManager\ExpensesManager.Application.csproj", "{C23E5FD2-A613-4EB8-8F93-FC3397051774}"
EndProject
Project("{FAE04EC0-301F-11D3-BF4B-00C04F79EFBC}") = "ExpensesManager.Domain", "ExpensesManager.Domain\ExpensesManager.Domain.csproj", "{23707DA9-B1C1-4D36-8500-998E2211F1C8}"
EndProject
Project("{FAE04EC0-301F-11D3-BF4B-00C04F79EFBC}") = "ExpensesManager.Infrastructure", "ExpensesManager.Infrastructure\ExpensesManager.Infrastructure.csproj", "{DE081C94-746A-4604-88FD-DBCF41866824}"
EndProject
Project("{FAE04EC0-301F-11D3-BF4B-00C04F79EFBC}") = "ExpensesManager.Domain.Tests", "ExpensesManager.Domain.Tests\ExpensesManager.Domain.Tests.csproj", "{A8E03CE7-7AB3-4946-8051-AC99A692553B}"
EndProject
Project("{FAE04EC0-301F-11D3-BF4B-00C04F79EFBC}") = "ExpensesManager.Infrastructure.Tests", "ExpensesManager.Infrastructure.Tests\ExpensesManager.Infrastructure.Tests.csproj", "{EAC7DA48-F4E7-4FFD-9A4E-12D5B1FF8361}"
EndProject
Project("{FAE04EC0-301F-11D3-BF4B-00C04F79EFBC}") = "ExpensesManager.Application.Tests", "ExpensesManager.Application.Tests\ExpensesManager.Application.Tests.csproj", "{30601A15-7E88-42A2-836B-053DCC29C0BB}"
EndProject
Global
	GlobalSection(SolutionConfigurationPlatforms) = preSolution
		Debug|Any CPU = Debug|Any CPU
		Release|Any CPU = Release|Any CPU
	EndGlobalSection
	GlobalSection(ProjectConfigurationPlatforms) = postSolution
		{F39D47AC-6F0B-4E63-95DE-C8A839C5B07F}.Debug|Any CPU.ActiveCfg = Debug|Any CPU
		{F39D47AC-6F0B-4E63-95DE-C8A839C5B07F}.Debug|Any CPU.Build.0 = Debug|Any CPU
		{F39D47AC-6F0B-4E63-95DE-C8A839C5B07F}.Release|Any CPU.ActiveCfg = Release|Any CPU
		{F39D47AC-6F0B-4E63-95DE-C8A839C5B07F}.Release|Any CPU.Build.0 = Release|Any CPU
		{C23E5FD2-A613-4EB8-8F93-FC3397051774}.Debug|Any CPU.ActiveCfg = Debug|Any CPU
		{C23E5FD2-A613-4EB8-8F93-FC3397051774}.Debug|Any CPU.Build.0 = Debug|Any CPU
		{C23E5FD2-A613-4EB8-8F93-FC3397051774}.Release|Any CPU.ActiveCfg = Release|Any CPU
		{C23E5FD2-A613-4EB8-8F93-FC3397051774}.Release|Any CPU.Build.0 = Release|Any CPU
		{23707DA9-B1C1-4D36-8500-998E2211F1C8}.Debug|Any CPU.ActiveCfg = Debug|Any CPU
		{23707DA9-B1C1-4D36-8500-998E2211F1C8}.Debug|Any CPU.Build.0 = Debug|Any CPU
		{23707DA9-B1C1-4D36-8500-998E2211F1C8}.Release|Any CPU.ActiveCfg = Release|Any CPU
		{23707DA9-B1C1-4D36-8500-998E2211F1C8}.Release|Any CPU.Build.0 = Release|Any CPU
		{DE081C94-746A-4604-88FD-DBCF41866824}.Debug|Any CPU.ActiveCfg = Debug|Any CPU
		{DE081C94-746A-4604-88FD-DBCF41866824}.Debug|Any CPU.Build.0 = Debug|Any CPU
		{DE081C94-746A-4604-88FD-DBCF41866824}.Release|Any CPU.ActiveCfg = Release|Any CPU
		{DE081C94-746A-4604-88FD-DBCF41866824}.Release|Any CPU.Build.0 = Release|Any CPU
		{A8E03CE7-7AB3-4946-8051-AC99A692553B}.Debug|Any CPU.ActiveCfg = Debug|Any CPU
		{A8E03CE7-7AB3-4946-8051-AC99A692553B}.Debug|Any CPU.Build.0 = Debug|Any CPU
		{A8E03CE7-7AB3-4946-8051-AC99A692553B}.Release|Any CPU.ActiveCfg = Release|Any CPU
		{A8E03CE7-7AB3-4946-8051-AC99A692553B}.Release|Any CPU.Build.0 = Release|Any CPU
		{EAC7DA48-F4E7-4FFD-9A4E-12D5B1FF8361}.Debug|Any CPU.ActiveCfg = Debug|Any CPU
		{EAC7DA48-F4E7-4FFD-9A4E-12D5B1FF8361}.Debug|Any CPU.Build.0 = Debug|Any CPU
		{EAC7DA48-F4E7-4FFD-9A4E-12D5B1FF8361}.Release|Any CPU.ActiveCfg = Release|Any CPU
		{EAC7DA48-F4E7-4FFD-9A4E-12D5B1FF8361}.Release|Any CPU.Build.0 = Release|Any CPU
		{30601A15-7E88-42A2-836B-053DCC29C0BB}.Debug|Any CPU.ActiveCfg = Debug|Any CPU
		{30601A15-7E88-42A2-836B-053DCC29C0BB}.Debug|Any CPU.Build.0 = Debug|Any CPU
		{30601A15-7E88-42A2-836B-053DCC29C0BB}.Release|Any CPU.ActiveCfg = Release|Any CPU
		{30601A15-7E88-42A2-836B-053DCC29C0BB}.Release|Any CPU.Build.0 = Release|Any CPU
	EndGlobalSection
	GlobalSection(SolutionProperties) = preSolution
		HideSolutionNode = FALSE
	EndGlobalSection
	GlobalSection(NestedProjects) = preSolution
		{F39D47AC-6F0B-4E63-95DE-C8A839C5B07F} = {02EA681E-C7D8-13C7-8484-4AC65E1B71E8}
		{C23E5FD2-A613-4EB8-8F93-FC3397051774} = {02EA681E-C7D8-13C7-8484-4AC65E1B71E8}
		{23707DA9-B1C1-4D36-8500-998E2211F1C8} = {02EA681E-C7D8-13C7-8484-4AC65E1B71E8}
		{DE081C94-746A-4604-88FD-DBCF41866824} = {02EA681E-C7D8-13C7-8484-4AC65E1B71E8}
		{A8E03CE7-7AB3-4946-8051-AC99A692553B} = {02EA681E-C7D8-13C7-8484-4AC65E1B71E8}
		{EAC7DA48-F4E7-4FFD-9A4E-12D5B1FF8361} = {02EA681E-C7D8-13C7-8484-4AC65E1B71E8}
		{30601A15-7E88-42A2-836B-053DCC29C0BB} = {02EA681E-C7D8-13C7-8484-4AC65E1B71E8}
	EndGlobalSection
	GlobalSection(ExtensibilityGlobals) = postSolution
		SolutionGuid = {F89D7DA3-FAC6-4C89-9D84-3DB11AC98BB4}
	EndGlobalSection
EndGlobal
